
Microsoft Visual Studio Solution File, Format Version 12.00
# Visual Studio Version 17
VisualStudioVersion = 17.0.31903.59
MinimumVisualStudioVersion = 10.0.40219.1
Project("{FAE04EC0-301F-11D3-BF4B-00C04F79EFBC}") = "Senac.LocaGames.Api", "Senac.LocaGames.Api\Senac.LocaGames.Api.csproj", "{03BD4E14-2B0E-42FD-8FFA-6312E1EA5D52}"
EndProject
Project("{FAE04EC0-301F-11D3-BF4B-00C04F79EFBC}") = "Senac.LocaGames.Domain", "Senac.LocaGames.Domain\Senac.LocaGames.Domain.csproj", "{AF558036-11DD-42C6-B448-46ACDC5A3388}"
EndProject
Project("{FAE04EC0-301F-11D3-BF4B-00C04F79EFBC}") = "Senac.LocaGames.Infra.Data", "Senac.LocaGames.Infra.Data\Senac.LocaGames.Infra.Data.csproj", "{E00F149D-AA84-461C-97F9-4960D5417401}"
EndProject
Global
	GlobalSection(SolutionConfigurationPlatforms) = preSolution
		Debug|Any CPU = Debug|Any CPU
		Release|Any CPU = Release|Any CPU
	EndGlobalSection
	GlobalSection(ProjectConfigurationPlatforms) = postSolution
		{03BD4E14-2B0E-42FD-8FFA-6312E1EA5D52}.Debug|Any CPU.ActiveCfg = Debug|Any CPU
		{03BD4E14-2B0E-42FD-8FFA-6312E1EA5D52}.Debug|Any CPU.Build.0 = Debug|Any CPU
		{03BD4E14-2B0E-42FD-8FFA-6312E1EA5D52}.Release|Any CPU.ActiveCfg = Release|Any CPU
		{03BD4E14-2B0E-42FD-8FFA-6312E1EA5D52}.Release|Any CPU.Build.0 = Release|Any CPU
		{AF558036-11DD-42C6-B448-46ACDC5A3388}.Debug|Any CPU.ActiveCfg = Debug|Any CPU
		{AF558036-11DD-42C6-B448-46ACDC5A3388}.Debug|Any CPU.Build.0 = Debug|Any CPU
		{AF558036-11DD-42C6-B448-46ACDC5A3388}.Release|Any CPU.ActiveCfg = Release|Any CPU
		{AF558036-11DD-42C6-B448-46ACDC5A3388}.Release|Any CPU.Build.0 = Release|Any CPU
		{E00F149D-AA84-461C-97F9-4960D5417401}.Debug|Any CPU.ActiveCfg = Debug|Any CPU
		{E00F149D-AA84-461C-97F9-4960D5417401}.Debug|Any CPU.Build.0 = Debug|Any CPU
		{E00F149D-AA84-461C-97F9-4960D5417401}.Release|Any CPU.ActiveCfg = Release|Any CPU
		{E00F149D-AA84-461C-97F9-4960D5417401}.Release|Any CPU.Build.0 = Release|Any CPU
	EndGlobalSection
	GlobalSection(SolutionProperties) = preSolution
		HideSolutionNode = FALSE
	EndGlobalSection
	GlobalSection(ExtensibilityGlobals) = postSolution
		SolutionGuid = {0B2B7609-9819-4697-B16A-103AE7A6535B}
	EndGlobalSection
EndGlobal
